// !$*UTF8*$!
{
	archiveVersion = 1;
	classes = {
	};
	objectVersion = 46;
	objects = {

/* Begin PBXBuildFile section */
		CF5B77B71ECC933F00586232 /* AppDelegate.swift in Sources */ = {isa = PBXBuildFile; fileRef = CF5B77B61ECC933F00586232 /* AppDelegate.swift */; };
		CF5B77B91ECC933F00586232 /* ViewController.swift in Sources */ = {isa = PBXBuildFile; fileRef = CF5B77B81ECC933F00586232 /* ViewController.swift */; };
		CF5B77BC1ECC933F00586232 /* Main.storyboard in Resources */ = {isa = PBXBuildFile; fileRef = CF5B77BA1ECC933F00586232 /* Main.storyboard */; };
		CF5B77BE1ECC933F00586232 /* Assets.xcassets in Resources */ = {isa = PBXBuildFile; fileRef = CF5B77BD1ECC933F00586232 /* Assets.xcassets */; };
		CF5B77C11ECC933F00586232 /* LaunchScreen.storyboard in Resources */ = {isa = PBXBuildFile; fileRef = CF5B77BF1ECC933F00586232 /* LaunchScreen.storyboard */; };
/* End PBXBuildFile section */

/* Begin PBXFileReference section */
		CF5B77B31ECC933F00586232 /* Hello World App.app */ = {isa = PBXFileReference; explicitFileType = wrapper.application; includeInIndex = 0; path = "Hello World App.app"; sourceTree = BUILT_PRODUCTS_DIR; };
		CF5B77B61ECC933F00586232 /* AppDelegate.swift */ = {isa = PBXFileReference; lastKnownFileType = sourcecode.swift; path = AppDelegate.swift; sourceTree = "<group>"; };
		CF5B77B81ECC933F00586232 /* ViewController.swift */ = {isa = PBXFileReference; lastKnownFileType = sourcecode.swift; path = ViewController.swift; sourceTree = "<group>"; };
		CF5B77BB1ECC933F00586232 /* Base */ = {isa = PBXFileReference; lastKnownFileType = file.storyboard; name = Base; path = Base.lproj/Main.storyboard; sourceTree = "<group>"; };
		CF5B77BD1ECC933F00586232 /* Assets.xcassets */ = {isa = PBXFileReference; lastKnownFileType = folder.assetcatalog; path = Assets.xcassets; sourceTree = "<group>"; };
		CF5B77C01ECC933F00586232 /* Base */ = {isa = PBXFileReference; lastKnownFileType = file.storyboard; name = Base; path = Base.lproj/LaunchScreen.storyboard; sourceTree = "<group>"; };
		CF5B77C21ECC933F00586232 /* Info.plist */ = {isa = PBXFileReference; lastKnownFileType = text.plist.xml; path = Info.plist; sourceTree = "<group>"; };
/* End PBXFileReference section */

/* Begin PBXFrameworksBuildPhase section */
		CF5B77B01ECC933F00586232 /* Frameworks */ = {
			isa = PBXFrameworksBuildPhase;
			buildActionMask = 2147483647;
			files = (
			);
			runOnlyForDeploymentPostprocessing = 0;
		};
/* End PBXFrameworksBuildPhase section */

/* Begin PBXGroup section */
		CF5B77AA1ECC933F00586232 = {
			isa = PBXGroup;
			children = (
				CF5B77B51ECC933F00586232 /* Hello World App */,
				CF5B77B41ECC933F00586232 /* Products */,
			);
			sourceTree = "<group>";
		};
		CF5B77B41ECC933F00586232 /* Products */ = {
			isa = PBXGroup;
			children = (
				CF5B77B31ECC933F00586232 /* Hello World App.app */,
			);
			name = Products;
			sourceTree = "<group>";
		};
		CF5B77B51ECC933F00586232 /* Hello World App */ = {
			isa = PBXGroup;
			children = (
				CF5B77B61ECC933F00586232 /* AppDelegate.swift */,
				CF5B77B81ECC933F00586232 /* ViewController.swift */,
				CF5B77BA1ECC933F00586232 /* Main.storyboard */,
				CF5B77BD1ECC933F00586232 /* Assets.xcassets */,
				CF5B77BF1ECC933F00586232 /* LaunchScreen.storyboard */,
				CF5B77C21ECC933F00586232 /* Info.plist */,
			);
			path = "Hello World App";
			sourceTree = "<group>";
		};
/* End PBXGroup section */

/* Begin PBXNativeTarget section */
		CF5B77B21ECC933F00586232 /* Hello World App */ = {
			isa = PBXNativeTarget;
			buildConfigurationList = CF5B77C51ECC933F00586232 /* Build configuration list for PBXNativeTarget "Hello World App" */;
			buildPhases = (
				CF5B77AF1ECC933F00586232 /* Sources */,
				CF5B77B01ECC933F00586232 /* Frameworks */,
				CF5B77B11ECC933F00586232 /* Resources */,
			);
			buildRules = (
			);
			dependencies = (
			);
			name = "Hello World App";
			productName = "Hello World App";
			productReference = CF5B77B31ECC933F00586232 /* Hello World App.app */;
			productType = "com.apple.product-type.application";
		};
/* End PBXNativeTarget section */

/* Begin PBXProject section */
		CF5B77AB1ECC933F00586232 /* Project object */ = {
			isa = PBXProject;
			attributes = {
				LastSwiftUpdateCheck = 0830;
				LastUpgradeCheck = 0830;
				ORGANIZATIONNAME = PG;
				TargetAttributes = {
					CF5B77B21ECC933F00586232 = {
						CreatedOnToolsVersion = 8.3.2;
						ProvisioningStyle = Automatic;
					};
				};
			};
			buildConfigurationList = CF5B77AE1ECC933F00586232 /* Build configuration list for PBXProject "Hello World App" */;
			compatibilityVersion = "Xcode 3.2";
			developmentRegion = English;
			hasScannedForEncodings = 0;
			knownRegions = (
				en,
				Base,
			);
			mainGroup = CF5B77AA1ECC933F00586232;
			productRefGroup = CF5B77B41ECC933F00586232 /* Products */;
			projectDirPath = "";
			projectRoot = "";
			targets = (
				CF5B77B21ECC933F00586232 /* Hello World App */,
			);
		};
/* End PBXProject section */

/* Begin PBXResourcesBuildPhase section */
		CF5B77B11ECC933F00586232 /* Resources */ = {
			isa = PBXResourcesBuildPhase;
			buildActionMask = 2147483647;
			files = (
				CF5B77C11ECC933F00586232 /* LaunchScreen.storyboard in Resources */,
				CF5B77BE1ECC933F00586232 /* Assets.xcassets in Resources */,
				CF5B77BC1ECC933F00586232 /* Main.storyboard in Resources */,
			);
			runOnlyForDeploymentPostprocessing = 0;
		};
/* End PBXResourcesBuildPhase section */

/* Begin PBXSourcesBuildPhase section */
		CF5B77AF1ECC933F00586232 /* Sources */ = {
			isa = PBXSourcesBuildPhase;
			buildActionMask = 2147483647;
			files = (
				CF5B77B91ECC933F00586232 /* ViewController.swift in Sources */,
				CF5B77B71ECC933F00586232 /* AppDelegate.swift in Sources */,
			);
			runOnlyForDeploymentPostprocessing = 0;
		};
/* End PBXSourcesBuildPhase section */

/* Begin PBXVariantGroup section */
		CF5B77BA1ECC933F00586232 /* Main.storyboard */ = {
			isa = PBXVariantGroup;
			children = (
				CF5B77BB1ECC933F00586232 /* Base */,
			);
			name = Main.storyboard;
			sourceTree = "<group>";
		};
		CF5B77BF1ECC933F00586232 /* LaunchScreen.storyboard */ = {
			isa = PBXVariantGroup;
			children = (
				CF5B77C01ECC933F00586232 /* Base */,
			);
			name = LaunchScreen.storyboard;
			sourceTree = "<group>";
		};
/* End PBXVariantGroup section */

/* Begin XCBuildConfiguration section */
		CF5B77C31ECC933F00586232 /* Debug */ = {
			isa = XCBuildConfiguration;
			buildSettings = {
				ALWAYS_SEARCH_USER_PATHS = NO;
				CLANG_ANALYZER_NONNULL = YES;
				CLANG_ANALYZER_NUMBER_OBJECT_CONVERSION = YES_AGGRESSIVE;
				CLANG_CXX_LANGUAGE_STANDARD = "gnu++0x";
				CLANG_CXX_LIBRARY = "libc++";
				CLANG_ENABLE_MODULES = YES;
				CLANG_ENABLE_OBJC_ARC = YES;
				CLANG_WARN_BOOL_CONVERSION = YES;
				CLANG_WARN_CONSTANT_CONVERSION = YES;
				CLANG_WARN_DIRECT_OBJC_ISA_USAGE = YES_ERROR;
				CLANG_WARN_DOCUMENTATION_COMMENTS = YES;
				CLANG_WARN_EMPTY_BODY = YES;
				CLANG_WARN_ENUM_CONVERSION = YES;
				CLANG_WARN_INFINITE_RECURSION = YES;
				CLANG_WARN_INT_CONVERSION = YES;
				CLANG_WARN_OBJC_ROOT_CLASS = YES_ERROR;
				CLANG_WARN_SUSPICIOUS_MOVE = YES;
				CLANG_WARN_UNREACHABLE_CODE = YES;
				CLANG_WARN__DUPLICATE_METHOD_MATCH = YES;
				"CODE_SIGN_IDENTITY[sdk=iphoneos*]" = "iPhone Developer";
				COPY_PHASE_STRIP = NO;
				DEBUG_INFORMATION_FORMAT = dwarf;
				ENABLE_STRICT_OBJC_MSGSEND = YES;
				ENABLE_TESTABILITY = YES;
				GCC_C_LANGUAGE_STANDARD = gnu99;
				GCC_DYNAMIC_NO_PIC = NO;
				GCC_NO_COMMON_BLOCKS = YES;
				GCC_OPTIMIZATION_LEVEL = 0;
				GCC_PREPROCESSOR_DEFINITIONS = (
					"DEBUG=1",
					"$(inherited)",
				);
				GCC_WARN_64_TO_32_BIT_CONVERSION = YES;
				GCC_WARN_ABOUT_RETURN_TYPE = YES_ERROR;
				GCC_WARN_UNDECLARED_SELECTOR = YES;
				GCC_WARN_UNINITIALIZED_AUTOS = YES_AGGRESSIVE;
				GCC_WARN_UNUSED_FUNCTION = YES;
				GCC_WARN_UNUSED_VARIABLE = YES;
				IPHONEOS_DEPLOYMENT_TARGET = 10.3;
				MTL_ENABLE_DEBUG_INFO = YES;
				ONLY_ACTIVE_ARCH = YES;
				SDKROOT = iphoneos;
				SWIFT_ACTIVE_COMPILATION_CONDITIONS = DEBUG;
				SWIFT_OPTIMIZATION_LEVEL = "-Onone";
			};
			name = Debug;
		};
		CF5B77C41ECC933F00586232 /* Release */ = {
			isa = XCBuildConfiguration;
			buildSettings = {
				ALWAYS_SEARCH_USER_PATHS = NO;
				CLANG_ANALYZER_NONNULL = YES;
				CLANG_ANALYZER_NUMBER_OBJECT_CONVERSION = YES_AGGRESSIVE;
				CLANG_CXX_LANGUAGE_STANDARD = "gnu++0x";
				CLANG_CXX_LIBRARY = "libc++";
				CLANG_ENABLE_MODULES = YES;
				CLANG_ENABLE_OBJC_ARC = YES;
				CLANG_WARN_BOOL_CONVERSION = YES;
				CLANG_WARN_CONSTANT_CONVERSION = YES;
				CLANG_WARN_DIRECT_OBJC_ISA_USAGE = YES_ERROR;
				CLANG_WARN_DOCUMENTATION_COMMENTS = YES;
				CLANG_WARN_EMPTY_BODY = YES;
				CLANG_WARN_ENUM_CONVERSION = YES;
				CLANG_WARN_INFINITE_RECURSION = YES;
				CLANG_WARN_INT_CONVERSION = YES;
				CLANG_WARN_OBJC_ROOT_CLASS = YES_ERROR;
				CLANG_WARN_SUSPICIOUS_MOVE = YES;
				CLANG_WARN_UNREACHABLE_CODE = YES;
				CLANG_WARN__DUPLICATE_METHOD_MATCH = YES;
				"CODE_SIGN_IDENTITY[sdk=iphoneos*]" = "iPhone Developer";
				COPY_PHASE_STRIP = NO;
				DEBUG_INFORMATION_FORMAT = "dwarf-with-dsym";
				ENABLE_NS_ASSERTIONS = NO;
				ENABLE_STRICT_OBJC_MSGSEND = YES;
				GCC_C_LANGUAGE_STANDARD = gnu99;
				GCC_NO_COMMON_BLOCKS = YES;
				GCC_WARN_64_TO_32_BIT_CONVERSION = YES;
				GCC_WARN_ABOUT_RETURN_TYPE = YES_ERROR;
				GCC_WARN_UNDECLARED_SELECTOR = YES;
				GCC_WARN_UNINITIALIZED_AUTOS = YES_AGGRESSIVE;
				GCC_WARN_UNUSED_FUNCTION = YES;
				GCC_WARN_UNUSED_VARIABLE = YES;
				IPHONEOS_DEPLOYMENT_TARGET = 10.3;
				MTL_ENABLE_DEBUG_INFO = NO;
				SDKROOT = iphoneos;
				SWIFT_OPTIMIZATION_LEVEL = "-Owholemodule";
				VALIDATE_PRODUCT = YES;
			};
			name = Release;
		};
		CF5B77C61ECC933F00586232 /* Debug */ = {
			isa = XCBuildConfiguration;
			buildSettings = {
				ASSETCATALOG_COMPILER_APPICON_NAME = AppIcon;
				INFOPLIST_FILE = "Hello World App/Info.plist";
				LD_RUNPATH_SEARCH_PATHS = "$(inherited) @executable_path/Frameworks";
				PRODUCT_BUNDLE_IDENTIFIER = "PG.Hello-World-App";
				PRODUCT_NAME = "$(TARGET_NAME)";
				SWIFT_VERSION = 3.0;
				TARGETED_DEVICE_FAMILY = 1;
			};
			name = Debug;
		};
		CF5B77C71ECC933F00586232 /* Release */ = {
			isa = XCBuildConfiguration;
			buildSettings = {
				ASSETCATALOG_COMPILER_APPICON_NAME = AppIcon;
				INFOPLIST_FILE = "Hello World App/Info.plist";
				LD_RUNPATH_SEARCH_PATHS = "$(inherited) @executable_path/Frameworks";
				PRODUCT_BUNDLE_IDENTIFIER = "PG.Hello-World-App";
				PRODUCT_NAME = "$(TARGET_NAME)";
				SWIFT_VERSION = 3.0;
				TARGETED_DEVICE_FAMILY = 1;
			};
			name = Release;
		};
/* End XCBuildConfiguration section */

/* Begin XCConfigurationList section */
		CF5B77AE1ECC933F00586232 /* Build configuration list for PBXProject "Hello World App" */ = {
			isa = XCConfigurationList;
			buildConfigurations = (
				CF5B77C31ECC933F00586232 /* Debug */,
				CF5B77C41ECC933F00586232 /* Release */,
			);
			defaultConfigurationIsVisible = 0;
			defaultConfigurationName = Release;
		};
		CF5B77C51ECC933F00586232 /* Build configuration list for PBXNativeTarget "Hello World App" */ = {
			isa = XCConfigurationList;
			buildConfigurations = (
				CF5B77C61ECC933F00586232 /* Debug */,
				CF5B77C71ECC933F00586232 /* Release */,
			);
			defaultConfigurationIsVisible = 0;
		};
/* End XCConfigurationList section */
	};
	rootObject = CF5B77AB1ECC933F00586232 /* Project object */;
}
